// !$*UTF8*$!
{
	archiveVersion = 1;
	classes = {
	};
	objectVersion = 50;
	objects = {

/* Begin PBXBuildFile section */
		CDEE1CB123C6CA860083AB05 /* AppDelegate.swift in Sources */ = {isa = PBXBuildFile; fileRef = CDEE1CB023C6CA860083AB05 /* AppDelegate.swift */; };
		CDEE1CB323C6CA860083AB05 /* SceneDelegate.swift in Sources */ = {isa = PBXBuildFile; fileRef = CDEE1CB223C6CA860083AB05 /* SceneDelegate.swift */; };
		CDEE1CB523C6CA860083AB05 /* ViewController.swift in Sources */ = {isa = PBXBuildFile; fileRef = CDEE1CB423C6CA860083AB05 /* ViewController.swift */; };
		CDEE1CB823C6CA860083AB05 /* Main.storyboard in Resources */ = {isa = PBXBuildFile; fileRef = CDEE1CB623C6CA860083AB05 /* Main.storyboard */; };
		CDEE1CBA23C6CA8A0083AB05 /* Assets.xcassets in Resources */ = {isa = PBXBuildFile; fileRef = CDEE1CB923C6CA8A0083AB05 /* Assets.xcassets */; };
		CDEE1CBD23C6CA8A0083AB05 /* LaunchScreen.storyboard in Resources */ = {isa = PBXBuildFile; fileRef = CDEE1CBB23C6CA8A0083AB05 /* LaunchScreen.storyboard */; };
		CDEE1CC823C6CA8A0083AB05 /* divisorTests.swift in Sources */ = {isa = PBXBuildFile; fileRef = CDEE1CC723C6CA8A0083AB05 /* divisorTests.swift */; };
		CDEE1CD323C6CA8A0083AB05 /* divisorUITests.swift in Sources */ = {isa = PBXBuildFile; fileRef = CDEE1CD223C6CA8A0083AB05 /* divisorUITests.swift */; };
		CDEE1CE123C6D0870083AB05 /* CalculatorBrain.swift in Sources */ = {isa = PBXBuildFile; fileRef = CDEE1CE023C6D0870083AB05 /* CalculatorBrain.swift */; };
		CDEE1CE223C6D0870083AB05 /* CalculatorBrain.swift in Sources */ = {isa = PBXBuildFile; fileRef = CDEE1CE023C6D0870083AB05 /* CalculatorBrain.swift */; };
		CDEE1CE323C6D0870083AB05 /* CalculatorBrain.swift in Sources */ = {isa = PBXBuildFile; fileRef = CDEE1CE023C6D0870083AB05 /* CalculatorBrain.swift */; };
/* End PBXBuildFile section */

/* Begin PBXContainerItemProxy section */
		CDEE1CC423C6CA8A0083AB05 /* PBXContainerItemProxy */ = {
			isa = PBXContainerItemProxy;
			containerPortal = CDEE1CA523C6CA850083AB05 /* Project object */;
			proxyType = 1;
			remoteGlobalIDString = CDEE1CAC23C6CA850083AB05;
			remoteInfo = divisor;
		};
		CDEE1CCF23C6CA8A0083AB05 /* PBXContainerItemProxy */ = {
			isa = PBXContainerItemProxy;
			containerPortal = CDEE1CA523C6CA850083AB05 /* Project object */;
			proxyType = 1;
			remoteGlobalIDString = CDEE1CAC23C6CA850083AB05;
			remoteInfo = divisor;
		};
/* End PBXContainerItemProxy section */

/* Begin PBXFileReference section */
		CDEE1CAD23C6CA860083AB05 /* divisor.app */ = {isa = PBXFileReference; explicitFileType = wrapper.application; includeInIndex = 0; path = divisor.app; sourceTree = BUILT_PRODUCTS_DIR; };
		CDEE1CB023C6CA860083AB05 /* AppDelegate.swift */ = {isa = PBXFileReference; lastKnownFileType = sourcecode.swift; path = AppDelegate.swift; sourceTree = "<group>"; };
		CDEE1CB223C6CA860083AB05 /* SceneDelegate.swift */ = {isa = PBXFileReference; lastKnownFileType = sourcecode.swift; path = SceneDelegate.swift; sourceTree = "<group>"; };
		CDEE1CB423C6CA860083AB05 /* ViewController.swift */ = {isa = PBXFileReference; lastKnownFileType = sourcecode.swift; path = ViewController.swift; sourceTree = "<group>"; };
		CDEE1CB723C6CA860083AB05 /* Base */ = {isa = PBXFileReference; lastKnownFileType = file.storyboard; name = Base; path = Base.lproj/Main.storyboard; sourceTree = "<group>"; };
		CDEE1CB923C6CA8A0083AB05 /* Assets.xcassets */ = {isa = PBXFileReference; lastKnownFileType = folder.assetcatalog; path = Assets.xcassets; sourceTree = "<group>"; };
		CDEE1CBC23C6CA8A0083AB05 /* Base */ = {isa = PBXFileReference; lastKnownFileType = file.storyboard; name = Base; path = Base.lproj/LaunchScreen.storyboard; sourceTree = "<group>"; };
		CDEE1CBE23C6CA8A0083AB05 /* Info.plist */ = {isa = PBXFileReference; lastKnownFileType = text.plist.xml; path = Info.plist; sourceTree = "<group>"; };
		CDEE1CC323C6CA8A0083AB05 /* divisorTests.xctest */ = {isa = PBXFileReference; explicitFileType = wrapper.cfbundle; includeInIndex = 0; path = divisorTests.xctest; sourceTree = BUILT_PRODUCTS_DIR; };
		CDEE1CC723C6CA8A0083AB05 /* divisorTests.swift */ = {isa = PBXFileReference; lastKnownFileType = sourcecode.swift; path = divisorTests.swift; sourceTree = "<group>"; };
		CDEE1CC923C6CA8A0083AB05 /* Info.plist */ = {isa = PBXFileReference; lastKnownFileType = text.plist.xml; path = Info.plist; sourceTree = "<group>"; };
		CDEE1CCE23C6CA8A0083AB05 /* divisorUITests.xctest */ = {isa = PBXFileReference; explicitFileType = wrapper.cfbundle; includeInIndex = 0; path = divisorUITests.xctest; sourceTree = BUILT_PRODUCTS_DIR; };
		CDEE1CD223C6CA8A0083AB05 /* divisorUITests.swift */ = {isa = PBXFileReference; lastKnownFileType = sourcecode.swift; path = divisorUITests.swift; sourceTree = "<group>"; };
		CDEE1CD423C6CA8A0083AB05 /* Info.plist */ = {isa = PBXFileReference; lastKnownFileType = text.plist.xml; path = Info.plist; sourceTree = "<group>"; };
		CDEE1CE023C6D0870083AB05 /* CalculatorBrain.swift */ = {isa = PBXFileReference; lastKnownFileType = sourcecode.swift; path = CalculatorBrain.swift; sourceTree = "<group>"; };
/* End PBXFileReference section */

/* Begin PBXFrameworksBuildPhase section */
		CDEE1CAA23C6CA850083AB05 /* Frameworks */ = {
			isa = PBXFrameworksBuildPhase;
			buildActionMask = 2147483647;
			files = (
			);
			runOnlyForDeploymentPostprocessing = 0;
		};
		CDEE1CC023C6CA8A0083AB05 /* Frameworks */ = {
			isa = PBXFrameworksBuildPhase;
			buildActionMask = 2147483647;
			files = (
			);
			runOnlyForDeploymentPostprocessing = 0;
		};
		CDEE1CCB23C6CA8A0083AB05 /* Frameworks */ = {
			isa = PBXFrameworksBuildPhase;
			buildActionMask = 2147483647;
			files = (
			);
			runOnlyForDeploymentPostprocessing = 0;
		};
/* End PBXFrameworksBuildPhase section */

/* Begin PBXGroup section */
		CDEE1CA423C6CA850083AB05 = {
			isa = PBXGroup;
			children = (
				CDEE1CAF23C6CA860083AB05 /* divisor */,
				CDEE1CC623C6CA8A0083AB05 /* divisorTests */,
				CDEE1CD123C6CA8A0083AB05 /* divisorUITests */,
				CDEE1CAE23C6CA860083AB05 /* Products */,
			);
			sourceTree = "<group>";
		};
		CDEE1CAE23C6CA860083AB05 /* Products */ = {
			isa = PBXGroup;
			children = (
				CDEE1CAD23C6CA860083AB05 /* divisor.app */,
				CDEE1CC323C6CA8A0083AB05 /* divisorTests.xctest */,
				CDEE1CCE23C6CA8A0083AB05 /* divisorUITests.xctest */,
			);
			name = Products;
			sourceTree = "<group>";
		};
		CDEE1CAF23C6CA860083AB05 /* divisor */ = {
			isa = PBXGroup;
			children = (
				CDEE1CB023C6CA860083AB05 /* AppDelegate.swift */,
				CDEE1CB223C6CA860083AB05 /* SceneDelegate.swift */,
				CDEE1CB423C6CA860083AB05 /* ViewController.swift */,
				CDEE1CB623C6CA860083AB05 /* Main.storyboard */,
				CDEE1CB923C6CA8A0083AB05 /* Assets.xcassets */,
				CDEE1CBB23C6CA8A0083AB05 /* LaunchScreen.storyboard */,
				CDEE1CBE23C6CA8A0083AB05 /* Info.plist */,
				CDEE1CE023C6D0870083AB05 /* CalculatorBrain.swift */,
			);
			path = divisor;
			sourceTree = "<group>";
		};
		CDEE1CC623C6CA8A0083AB05 /* divisorTests */ = {
			isa = PBXGroup;
			children = (
				CDEE1CC723C6CA8A0083AB05 /* divisorTests.swift */,
				CDEE1CC923C6CA8A0083AB05 /* Info.plist */,
			);
			path = divisorTests;
			sourceTree = "<group>";
		};
		CDEE1CD123C6CA8A0083AB05 /* divisorUITests */ = {
			isa = PBXGroup;
			children = (
				CDEE1CD223C6CA8A0083AB05 /* divisorUITests.swift */,
				CDEE1CD423C6CA8A0083AB05 /* Info.plist */,
			);
			path = divisorUITests;
			sourceTree = "<group>";
		};
/* End PBXGroup section */

/* Begin PBXNativeTarget section */
		CDEE1CAC23C6CA850083AB05 /* divisor */ = {
			isa = PBXNativeTarget;
			buildConfigurationList = CDEE1CD723C6CA8A0083AB05 /* Build configuration list for PBXNativeTarget "divisor" */;
			buildPhases = (
				CDEE1CA923C6CA850083AB05 /* Sources */,
				CDEE1CAA23C6CA850083AB05 /* Frameworks */,
				CDEE1CAB23C6CA850083AB05 /* Resources */,
			);
			buildRules = (
			);
			dependencies = (
			);
			name = divisor;
			productName = divisor;
			productReference = CDEE1CAD23C6CA860083AB05 /* divisor.app */;
			productType = "com.apple.product-type.application";
		};
		CDEE1CC223C6CA8A0083AB05 /* divisorTests */ = {
			isa = PBXNativeTarget;
			buildConfigurationList = CDEE1CDA23C6CA8A0083AB05 /* Build configuration list for PBXNativeTarget "divisorTests" */;
			buildPhases = (
				CDEE1CBF23C6CA8A0083AB05 /* Sources */,
				CDEE1CC023C6CA8A0083AB05 /* Frameworks */,
				CDEE1CC123C6CA8A0083AB05 /* Resources */,
			);
			buildRules = (
			);
			dependencies = (
				CDEE1CC523C6CA8A0083AB05 /* PBXTargetDependency */,
			);
			name = divisorTests;
			productName = divisorTests;
			productReference = CDEE1CC323C6CA8A0083AB05 /* divisorTests.xctest */;
			productType = "com.apple.product-type.bundle.unit-test";
		};
		CDEE1CCD23C6CA8A0083AB05 /* divisorUITests */ = {
			isa = PBXNativeTarget;
			buildConfigurationList = CDEE1CDD23C6CA8A0083AB05 /* Build configuration list for PBXNativeTarget "divisorUITests" */;
			buildPhases = (
				CDEE1CCA23C6CA8A0083AB05 /* Sources */,
				CDEE1CCB23C6CA8A0083AB05 /* Frameworks */,
				CDEE1CCC23C6CA8A0083AB05 /* Resources */,
			);
			buildRules = (
			);
			dependencies = (
				CDEE1CD023C6CA8A0083AB05 /* PBXTargetDependency */,
			);
			name = divisorUITests;
			productName = divisorUITests;
			productReference = CDEE1CCE23C6CA8A0083AB05 /* divisorUITests.xctest */;
			productType = "com.apple.product-type.bundle.ui-testing";
		};
/* End PBXNativeTarget section */

/* Begin PBXProject section */
		CDEE1CA523C6CA850083AB05 /* Project object */ = {
			isa = PBXProject;
			attributes = {
				LastSwiftUpdateCheck = 1120;
				LastUpgradeCheck = 1120;
				ORGANIZATIONNAME = "Marcos Barbosa";
				TargetAttributes = {
					CDEE1CAC23C6CA850083AB05 = {
						CreatedOnToolsVersion = 11.2.1;
					};
					CDEE1CC223C6CA8A0083AB05 = {
						CreatedOnToolsVersion = 11.2.1;
						TestTargetID = CDEE1CAC23C6CA850083AB05;
					};
					CDEE1CCD23C6CA8A0083AB05 = {
						CreatedOnToolsVersion = 11.2.1;
						TestTargetID = CDEE1CAC23C6CA850083AB05;
					};
				};
			};
			buildConfigurationList = CDEE1CA823C6CA850083AB05 /* Build configuration list for PBXProject "divisor" */;
			compatibilityVersion = "Xcode 9.3";
			developmentRegion = en;
			hasScannedForEncodings = 0;
			knownRegions = (
				en,
				Base,
			);
			mainGroup = CDEE1CA423C6CA850083AB05;
			productRefGroup = CDEE1CAE23C6CA860083AB05 /* Products */;
			projectDirPath = "";
			projectRoot = "";
			targets = (
				CDEE1CAC23C6CA850083AB05 /* divisor */,
				CDEE1CC223C6CA8A0083AB05 /* divisorTests */,
				CDEE1CCD23C6CA8A0083AB05 /* divisorUITests */,
			);
		};
/* End PBXProject section */

/* Begin PBXResourcesBuildPhase section */
		CDEE1CAB23C6CA850083AB05 /* Resources */ = {
			isa = PBXResourcesBuildPhase;
			buildActionMask = 2147483647;
			files = (
				CDEE1CBD23C6CA8A0083AB05 /* LaunchScreen.storyboard in Resources */,
				CDEE1CBA23C6CA8A0083AB05 /* Assets.xcassets in Resources */,
				CDEE1CB823C6CA860083AB05 /* Main.storyboard in Resources */,
			);
			runOnlyForDeploymentPostprocessing = 0;
		};
		CDEE1CC123C6CA8A0083AB05 /* Resources */ = {
			isa = PBXResourcesBuildPhase;
			buildActionMask = 2147483647;
			files = (
			);
			runOnlyForDeploymentPostprocessing = 0;
		};
		CDEE1CCC23C6CA8A0083AB05 /* Resources */ = {
			isa = PBXResourcesBuildPhase;
			buildActionMask = 2147483647;
			files = (
			);
			runOnlyForDeploymentPostprocessing = 0;
		};
/* End PBXResourcesBuildPhase section */

/* Begin PBXSourcesBuildPhase section */
		CDEE1CA923C6CA850083AB05 /* Sources */ = {
			isa = PBXSourcesBuildPhase;
			buildActionMask = 2147483647;
			files = (
				CDEE1CB523C6CA860083AB05 /* ViewController.swift in Sources */,
				CDEE1CB123C6CA860083AB05 /* AppDelegate.swift in Sources */,
				CDEE1CE123C6D0870083AB05 /* CalculatorBrain.swift in Sources */,
				CDEE1CB323C6CA860083AB05 /* SceneDelegate.swift in Sources */,
			);
			runOnlyForDeploymentPostprocessing = 0;
		};
		CDEE1CBF23C6CA8A0083AB05 /* Sources */ = {
			isa = PBXSourcesBuildPhase;
			buildActionMask = 2147483647;
			files = (
				CDEE1CE223C6D0870083AB05 /* CalculatorBrain.swift in Sources */,
				CDEE1CC823C6CA8A0083AB05 /* divisorTests.swift in Sources */,
			);
			runOnlyForDeploymentPostprocessing = 0;
		};
		CDEE1CCA23C6CA8A0083AB05 /* Sources */ = {
			isa = PBXSourcesBuildPhase;
			buildActionMask = 2147483647;
			files = (
				CDEE1CE323C6D0870083AB05 /* CalculatorBrain.swift in Sources */,
				CDEE1CD323C6CA8A0083AB05 /* divisorUITests.swift in Sources */,
			);
			runOnlyForDeploymentPostprocessing = 0;
		};
/* End PBXSourcesBuildPhase section */

/* Begin PBXTargetDependency section */
		CDEE1CC523C6CA8A0083AB05 /* PBXTargetDependency */ = {
			isa = PBXTargetDependency;
			target = CDEE1CAC23C6CA850083AB05 /* divisor */;
			targetProxy = CDEE1CC423C6CA8A0083AB05 /* PBXContainerItemProxy */;
		};
		CDEE1CD023C6CA8A0083AB05 /* PBXTargetDependency */ = {
			isa = PBXTargetDependency;
			target = CDEE1CAC23C6CA850083AB05 /* divisor */;
			targetProxy = CDEE1CCF23C6CA8A0083AB05 /* PBXContainerItemProxy */;
		};
/* End PBXTargetDependency section */

/* Begin PBXVariantGroup section */
		CDEE1CB623C6CA860083AB05 /* Main.storyboard */ = {
			isa = PBXVariantGroup;
			children = (
				CDEE1CB723C6CA860083AB05 /* Base */,
			);
			name = Main.storyboard;
			sourceTree = "<group>";
		};
		CDEE1CBB23C6CA8A0083AB05 /* LaunchScreen.storyboard */ = {
			isa = PBXVariantGroup;
			children = (
				CDEE1CBC23C6CA8A0083AB05 /* Base */,
			);
			name = LaunchScreen.storyboard;
			sourceTree = "<group>";
		};
/* End PBXVariantGroup section */

/* Begin XCBuildConfiguration section */
		CDEE1CD523C6CA8A0083AB05 /* Debug */ = {
			isa = XCBuildConfiguration;
			buildSettings = {
				ALWAYS_SEARCH_USER_PATHS = NO;
				CLANG_ANALYZER_NONNULL = YES;
				CLANG_ANALYZER_NUMBER_OBJECT_CONVERSION = YES_AGGRESSIVE;
				CLANG_CXX_LANGUAGE_STANDARD = "gnu++14";
				CLANG_CXX_LIBRARY = "libc++";
				CLANG_ENABLE_MODULES = YES;
				CLANG_ENABLE_OBJC_ARC = YES;
				CLANG_ENABLE_OBJC_WEAK = YES;
				CLANG_WARN_BLOCK_CAPTURE_AUTORELEASING = YES;
				CLANG_WARN_BOOL_CONVERSION = YES;
				CLANG_WARN_COMMA = YES;
				CLANG_WARN_CONSTANT_CONVERSION = YES;
				CLANG_WARN_DEPRECATED_OBJC_IMPLEMENTATIONS = YES;
				CLANG_WARN_DIRECT_OBJC_ISA_USAGE = YES_ERROR;
				CLANG_WARN_DOCUMENTATION_COMMENTS = YES;
				CLANG_WARN_EMPTY_BODY = YES;
				CLANG_WARN_ENUM_CONVERSION = YES;
				CLANG_WARN_INFINITE_RECURSION = YES;
				CLANG_WARN_INT_CONVERSION = YES;
				CLANG_WARN_NON_LITERAL_NULL_CONVERSION = YES;
				CLANG_WARN_OBJC_IMPLICIT_RETAIN_SELF = YES;
				CLANG_WARN_OBJC_LITERAL_CONVERSION = YES;
				CLANG_WARN_OBJC_ROOT_CLASS = YES_ERROR;
				CLANG_WARN_RANGE_LOOP_ANALYSIS = YES;
				CLANG_WARN_STRICT_PROTOTYPES = YES;
				CLANG_WARN_SUSPICIOUS_MOVE = YES;
				CLANG_WARN_UNGUARDED_AVAILABILITY = YES_AGGRESSIVE;
				CLANG_WARN_UNREACHABLE_CODE = YES;
				CLANG_WARN__DUPLICATE_METHOD_MATCH = YES;
				COPY_PHASE_STRIP = NO;
				DEBUG_INFORMATION_FORMAT = dwarf;
				ENABLE_STRICT_OBJC_MSGSEND = YES;
				ENABLE_TESTABILITY = YES;
				GCC_C_LANGUAGE_STANDARD = gnu11;
				GCC_DYNAMIC_NO_PIC = NO;
				GCC_NO_COMMON_BLOCKS = YES;
				GCC_OPTIMIZATION_LEVEL = 0;
				GCC_PREPROCESSOR_DEFINITIONS = (
					"DEBUG=1",
					"$(inherited)",
				);
				GCC_WARN_64_TO_32_BIT_CONVERSION = YES;
				GCC_WARN_ABOUT_RETURN_TYPE = YES_ERROR;
				GCC_WARN_UNDECLARED_SELECTOR = YES;
				GCC_WARN_UNINITIALIZED_AUTOS = YES_AGGRESSIVE;
				GCC_WARN_UNUSED_FUNCTION = YES;
				GCC_WARN_UNUSED_VARIABLE = YES;
				IPHONEOS_DEPLOYMENT_TARGET = 13.2;
				MTL_ENABLE_DEBUG_INFO = INCLUDE_SOURCE;
				MTL_FAST_MATH = YES;
				ONLY_ACTIVE_ARCH = YES;
				SDKROOT = iphoneos;
				SWIFT_ACTIVE_COMPILATION_CONDITIONS = DEBUG;
				SWIFT_OPTIMIZATION_LEVEL = "-Onone";
			};
			name = Debug;
		};
		CDEE1CD623C6CA8A0083AB05 /* Release */ = {
			isa = XCBuildConfiguration;
			buildSettings = {
				ALWAYS_SEARCH_USER_PATHS = NO;
				CLANG_ANALYZER_NONNULL = YES;
				CLANG_ANALYZER_NUMBER_OBJECT_CONVERSION = YES_AGGRESSIVE;
				CLANG_CXX_LANGUAGE_STANDARD = "gnu++14";
				CLANG_CXX_LIBRARY = "libc++";
				CLANG_ENABLE_MODULES = YES;
				CLANG_ENABLE_OBJC_ARC = YES;
				CLANG_ENABLE_OBJC_WEAK = YES;
				CLANG_WARN_BLOCK_CAPTURE_AUTORELEASING = YES;
				CLANG_WARN_BOOL_CONVERSION = YES;
				CLANG_WARN_COMMA = YES;
				CLANG_WARN_CONSTANT_CONVERSION = YES;
				CLANG_WARN_DEPRECATED_OBJC_IMPLEMENTATIONS = YES;
				CLANG_WARN_DIRECT_OBJC_ISA_USAGE = YES_ERROR;
				CLANG_WARN_DOCUMENTATION_COMMENTS = YES;
				CLANG_WARN_EMPTY_BODY = YES;
				CLANG_WARN_ENUM_CONVERSION = YES;
				CLANG_WARN_INFINITE_RECURSION = YES;
				CLANG_WARN_INT_CONVERSION = YES;
				CLANG_WARN_NON_LITERAL_NULL_CONVERSION = YES;
				CLANG_WARN_OBJC_IMPLICIT_RETAIN_SELF = YES;
				CLANG_WARN_OBJC_LITERAL_CONVERSION = YES;
				CLANG_WARN_OBJC_ROOT_CLASS = YES_ERROR;
				CLANG_WARN_RANGE_LOOP_ANALYSIS = YES;
				CLANG_WARN_STRICT_PROTOTYPES = YES;
				CLANG_WARN_SUSPICIOUS_MOVE = YES;
				CLANG_WARN_UNGUARDED_AVAILABILITY = YES_AGGRESSIVE;
				CLANG_WARN_UNREACHABLE_CODE = YES;
				CLANG_WARN__DUPLICATE_METHOD_MATCH = YES;
				COPY_PHASE_STRIP = NO;
				DEBUG_INFORMATION_FORMAT = "dwarf-with-dsym";
				ENABLE_NS_ASSERTIONS = NO;
				ENABLE_STRICT_OBJC_MSGSEND = YES;
				GCC_C_LANGUAGE_STANDARD = gnu11;
				GCC_NO_COMMON_BLOCKS = YES;
				GCC_WARN_64_TO_32_BIT_CONVERSION = YES;
				GCC_WARN_ABOUT_RETURN_TYPE = YES_ERROR;
				GCC_WARN_UNDECLARED_SELECTOR = YES;
				GCC_WARN_UNINITIALIZED_AUTOS = YES_AGGRESSIVE;
				GCC_WARN_UNUSED_FUNCTION = YES;
				GCC_WARN_UNUSED_VARIABLE = YES;
				IPHONEOS_DEPLOYMENT_TARGET = 13.2;
				MTL_ENABLE_DEBUG_INFO = NO;
				MTL_FAST_MATH = YES;
				SDKROOT = iphoneos;
				SWIFT_COMPILATION_MODE = wholemodule;
				SWIFT_OPTIMIZATION_LEVEL = "-O";
				VALIDATE_PRODUCT = YES;
			};
			name = Release;
		};
		CDEE1CD823C6CA8A0083AB05 /* Debug */ = {
			isa = XCBuildConfiguration;
			buildSettings = {
				ASSETCATALOG_COMPILER_APPICON_NAME = AppIcon;
				CODE_SIGN_STYLE = Automatic;
				DEVELOPMENT_TEAM = L682628XMT;
				INFOPLIST_FILE = divisor/Info.plist;
				LD_RUNPATH_SEARCH_PATHS = (
					"$(inherited)",
					"@executable_path/Frameworks",
				);
				PRODUCT_BUNDLE_IDENTIFIER = "n-a.divisor";
				PRODUCT_NAME = "$(TARGET_NAME)";
				SWIFT_VERSION = 5.0;
				TARGETED_DEVICE_FAMILY = "1,2";
			};
			name = Debug;
		};
		CDEE1CD923C6CA8A0083AB05 /* Release */ = {
			isa = XCBuildConfiguration;
			buildSettings = {
				ASSETCATALOG_COMPILER_APPICON_NAME = AppIcon;
				CODE_SIGN_STYLE = Automatic;
				DEVELOPMENT_TEAM = L682628XMT;
				INFOPLIST_FILE = divisor/Info.plist;
				LD_RUNPATH_SEARCH_PATHS = (
					"$(inherited)",
					"@executable_path/Frameworks",
				);
				PRODUCT_BUNDLE_IDENTIFIER = "n-a.divisor";
				PRODUCT_NAME = "$(TARGET_NAME)";
				SWIFT_VERSION = 5.0;
				TARGETED_DEVICE_FAMILY = "1,2";
			};
			name = Release;
		};
		CDEE1CDB23C6CA8A0083AB05 /* Debug */ = {
			isa = XCBuildConfiguration;
			buildSettings = {
				ALWAYS_EMBED_SWIFT_STANDARD_LIBRARIES = YES;
				BUNDLE_LOADER = "$(TEST_HOST)";
				CODE_SIGN_STYLE = Automatic;
				DEVELOPMENT_TEAM = L682628XMT;
				INFOPLIST_FILE = divisorTests/Info.plist;
				IPHONEOS_DEPLOYMENT_TARGET = 13.2;
				LD_RUNPATH_SEARCH_PATHS = (
					"$(inherited)",
					"@executable_path/Frameworks",
					"@loader_path/Frameworks",
				);
				PRODUCT_BUNDLE_IDENTIFIER = "n-a.divisorTests";
				PRODUCT_NAME = "$(TARGET_NAME)";
				SWIFT_VERSION = 5.0;
				TARGETED_DEVICE_FAMILY = "1,2";
				TEST_HOST = "$(BUILT_PRODUCTS_DIR)/divisor.app/divisor";
			};
			name = Debug;
		};
		CDEE1CDC23C6CA8A0083AB05 /* Release */ = {
			isa = XCBuildConfiguration;
			buildSettings = {
				ALWAYS_EMBED_SWIFT_STANDARD_LIBRARIES = YES;
				BUNDLE_LOADER = "$(TEST_HOST)";
				CODE_SIGN_STYLE = Automatic;
				DEVELOPMENT_TEAM = L682628XMT;
				INFOPLIST_FILE = divisorTests/Info.plist;
				IPHONEOS_DEPLOYMENT_TARGET = 13.2;
				LD_RUNPATH_SEARCH_PATHS = (
					"$(inherited)",
					"@executable_path/Frameworks",
					"@loader_path/Frameworks",
				);
				PRODUCT_BUNDLE_IDENTIFIER = "n-a.divisorTests";
				PRODUCT_NAME = "$(TARGET_NAME)";
				SWIFT_VERSION = 5.0;
				TARGETED_DEVICE_FAMILY = "1,2";
				TEST_HOST = "$(BUILT_PRODUCTS_DIR)/divisor.app/divisor";
			};
			name = Release;
		};
		CDEE1CDE23C6CA8A0083AB05 /* Debug */ = {
			isa = XCBuildConfiguration;
			buildSettings = {
				ALWAYS_EMBED_SWIFT_STANDARD_LIBRARIES = YES;
				CODE_SIGN_STYLE = Automatic;
				DEVELOPMENT_TEAM = L682628XMT;
				INFOPLIST_FILE = divisorUITests/Info.plist;
				LD_RUNPATH_SEARCH_PATHS = (
					"$(inherited)",
					"@executable_path/Frameworks",
					"@loader_path/Frameworks",
				);
				PRODUCT_BUNDLE_IDENTIFIER = "n-a.divisorUITests";
				PRODUCT_NAME = "$(TARGET_NAME)";
				SWIFT_VERSION = 5.0;
				TARGETED_DEVICE_FAMILY = "1,2";
				TEST_TARGET_NAME = divisor;
			};
			name = Debug;
		};
		CDEE1CDF23C6CA8A0083AB05 /* Release */ = {
			isa = XCBuildConfiguration;
			buildSettings = {
				ALWAYS_EMBED_SWIFT_STANDARD_LIBRARIES = YES;
				CODE_SIGN_STYLE = Automatic;
				DEVELOPMENT_TEAM = L682628XMT;
				INFOPLIST_FILE = divisorUITests/Info.plist;
				LD_RUNPATH_SEARCH_PATHS = (
					"$(inherited)",
					"@executable_path/Frameworks",
					"@loader_path/Frameworks",
				);
				PRODUCT_BUNDLE_IDENTIFIER = "n-a.divisorUITests";
				PRODUCT_NAME = "$(TARGET_NAME)";
				SWIFT_VERSION = 5.0;
				TARGETED_DEVICE_FAMILY = "1,2";
				TEST_TARGET_NAME = divisor;
			};
			name = Release;
		};
/* End XCBuildConfiguration section */

/* Begin XCConfigurationList section */
		CDEE1CA823C6CA850083AB05 /* Build configuration list for PBXProject "divisor" */ = {
			isa = XCConfigurationList;
			buildConfigurations = (
				CDEE1CD523C6CA8A0083AB05 /* Debug */,
				CDEE1CD623C6CA8A0083AB05 /* Release */,
			);
			defaultConfigurationIsVisible = 0;
			defaultConfigurationName = Release;
		};
		CDEE1CD723C6CA8A0083AB05 /* Build configuration list for PBXNativeTarget "divisor" */ = {
			isa = XCConfigurationList;
			buildConfigurations = (
				CDEE1CD823C6CA8A0083AB05 /* Debug */,
				CDEE1CD923C6CA8A0083AB05 /* Release */,
			);
			defaultConfigurationIsVisible = 0;
			defaultConfigurationName = Release;
		};
		CDEE1CDA23C6CA8A0083AB05 /* Build configuration list for PBXNativeTarget "divisorTests" */ = {
			isa = XCConfigurationList;
			buildConfigurations = (
				CDEE1CDB23C6CA8A0083AB05 /* Debug */,
				CDEE1CDC23C6CA8A0083AB05 /* Release */,
			);
			defaultConfigurationIsVisible = 0;
			defaultConfigurationName = Release;
		};
		CDEE1CDD23C6CA8A0083AB05 /* Build configuration list for PBXNativeTarget "divisorUITests" */ = {
			isa = XCConfigurationList;
			buildConfigurations = (
				CDEE1CDE23C6CA8A0083AB05 /* Debug */,
				CDEE1CDF23C6CA8A0083AB05 /* Release */,
			);
			defaultConfigurationIsVisible = 0;
			defaultConfigurationName = Release;
		};
/* End XCConfigurationList section */
	};
	rootObject = CDEE1CA523C6CA850083AB05 /* Project object */;
}
